
Microsoft Visual Studio Solution File, Format Version 12.00
# Visual Studio Version 17
VisualStudioVersion = 17.0.32014.148
MinimumVisualStudioVersion = 10.0.40219.1
Project("{FAE04EC0-301F-11D3-BF4B-00C04F79EFBC}") = "CS_Programs", "CS_Programs\CS_Programs.csproj", "{2047CD31-8FE2-4BA5-8784-D3480DB84910}"
EndProject
Global
	GlobalSection(SolutionConfigurationPlatforms) = preSolution
		Debug|Any CPU = Debug|Any CPU
		Release|Any CPU = Release|Any CPU
	EndGlobalSection
	GlobalSection(ProjectConfigurationPlatforms) = postSolution
		{2047CD31-8FE2-4BA5-8784-D3480DB84910}.Debug|Any CPU.ActiveCfg = Debug|Any CPU
		{2047CD31-8FE2-4BA5-8784-D3480DB84910}.Debug|Any CPU.Build.0 = Debug|Any CPU
		{2047CD31-8FE2-4BA5-8784-D3480DB84910}.Release|Any CPU.ActiveCfg = Release|Any CPU
		{2047CD31-8FE2-4BA5-8784-D3480DB84910}.Release|Any CPU.Build.0 = Release|Any CPU
	EndGlobalSection
	GlobalSection(SolutionProperties) = preSolution
		HideSolutionNode = FALSE
	EndGlobalSection
	GlobalSection(ExtensibilityGlobals) = postSolution
		SolutionGuid = {172D88C4-17D4-4867-BEFE-0154A295578F}
	EndGlobalSection
EndGlobal

